{
  "name": "packagec",
  "version": "1.0.0",
  "lockfileVersion": 1,
  "requires": true,
  "dependencies": {
    "packageb": {
      "version": "file:../packageB",
      "requires": {
        "packagea": "file:../packageA"
      },
      "dependencies": {
        "packagea": {
          "version": "file:../packageA",
          "bundled": true
        }
      }
    }
  }
}
